
Microsoft Visual Studio Solution File, Format Version 12.00
# Visual Studio 15
VisualStudioVersion = 15.0.28307.1082
MinimumVisualStudioVersion = 10.0.40219.1
Project("{FAE04EC0-301F-11D3-BF4B-00C04F79EFBC}") = "Kupla.Android", "Kupla\Kupla.Android\Kupla.Android.csproj", "{732B7546-13D6-43B2-A2BA-E2E4DF31A9EE}"
EndProject
Project("{FAE04EC0-301F-11D3-BF4B-00C04F79EFBC}") = "Kupla.iOS", "Kupla\Kupla.iOS\Kupla.iOS.csproj", "{AB993C58-702E-417B-81EE-5253978B61C7}"
EndProject
Project("{FAE04EC0-301F-11D3-BF4B-00C04F79EFBC}") = "Kupla", "Kupla\Kupla\Kupla.csproj", "{583C0398-F6E4-4E69-851D-690D1EC0E547}"
EndProject
Global
	GlobalSection(SolutionConfigurationPlatforms) = preSolution
		Ad-Hoc|Any CPU = Ad-Hoc|Any CPU
		Ad-Hoc|iPhone = Ad-Hoc|iPhone
		Ad-Hoc|iPhoneSimulator = Ad-Hoc|iPhoneSimulator
		AppStore|Any CPU = AppStore|Any CPU
		AppStore|iPhone = AppStore|iPhone
		AppStore|iPhoneSimulator = AppStore|iPhoneSimulator
		Debug|Any CPU = Debug|Any CPU
		Debug|iPhone = Debug|iPhone
		Debug|iPhoneSimulator = Debug|iPhoneSimulator
		Release|Any CPU = Release|Any CPU
		Release|iPhone = Release|iPhone
		Release|iPhoneSimulator = Release|iPhoneSimulator
	EndGlobalSection
	GlobalSection(ProjectConfigurationPlatforms) = postSolution
		{732B7546-13D6-43B2-A2BA-E2E4DF31A9EE}.Ad-Hoc|Any CPU.ActiveCfg = Release|Any CPU
		{732B7546-13D6-43B2-A2BA-E2E4DF31A9EE}.Ad-Hoc|Any CPU.Build.0 = Release|Any CPU
		{732B7546-13D6-43B2-A2BA-E2E4DF31A9EE}.Ad-Hoc|Any CPU.Deploy.0 = Release|Any CPU
		{732B7546-13D6-43B2-A2BA-E2E4DF31A9EE}.Ad-Hoc|iPhone.ActiveCfg = Release|Any CPU
		{732B7546-13D6-43B2-A2BA-E2E4DF31A9EE}.Ad-Hoc|iPhone.Build.0 = Release|Any CPU
		{732B7546-13D6-43B2-A2BA-E2E4DF31A9EE}.Ad-Hoc|iPhone.Deploy.0 = Release|Any CPU
		{732B7546-13D6-43B2-A2BA-E2E4DF31A9EE}.Ad-Hoc|iPhoneSimulator.ActiveCfg = Release|Any CPU
		{732B7546-13D6-43B2-A2BA-E2E4DF31A9EE}.Ad-Hoc|iPhoneSimulator.Build.0 = Release|Any CPU
		{732B7546-13D6-43B2-A2BA-E2E4DF31A9EE}.Ad-Hoc|iPhoneSimulator.Deploy.0 = Release|Any CPU
		{732B7546-13D6-43B2-A2BA-E2E4DF31A9EE}.AppStore|Any CPU.ActiveCfg = Release|Any CPU
		{732B7546-13D6-43B2-A2BA-E2E4DF31A9EE}.AppStore|Any CPU.Build.0 = Release|Any CPU
		{732B7546-13D6-43B2-A2BA-E2E4DF31A9EE}.AppStore|Any CPU.Deploy.0 = Release|Any CPU
		{732B7546-13D6-43B2-A2BA-E2E4DF31A9EE}.AppStore|iPhone.ActiveCfg = Release|Any CPU
		{732B7546-13D6-43B2-A2BA-E2E4DF31A9EE}.AppStore|iPhone.Build.0 = Release|Any CPU
		{732B7546-13D6-43B2-A2BA-E2E4DF31A9EE}.AppStore|iPhone.Deploy.0 = Release|Any CPU
		{732B7546-13D6-43B2-A2BA-E2E4DF31A9EE}.AppStore|iPhoneSimulator.ActiveCfg = Release|Any CPU
		{732B7546-13D6-43B2-A2BA-E2E4DF31A9EE}.AppStore|iPhoneSimulator.Build.0 = Release|Any CPU
		{732B7546-13D6-43B2-A2BA-E2E4DF31A9EE}.AppStore|iPhoneSimulator.Deploy.0 = Release|Any CPU
		{732B7546-13D6-43B2-A2BA-E2E4DF31A9EE}.Debug|Any CPU.ActiveCfg = Debug|Any CPU
		{732B7546-13D6-43B2-A2BA-E2E4DF31A9EE}.Debug|Any CPU.Build.0 = Debug|Any CPU
		{732B7546-13D6-43B2-A2BA-E2E4DF31A9EE}.Debug|Any CPU.Deploy.0 = Debug|Any CPU
		{732B7546-13D6-43B2-A2BA-E2E4DF31A9EE}.Debug|iPhone.ActiveCfg = Debug|Any CPU
		{732B7546-13D6-43B2-A2BA-E2E4DF31A9EE}.Debug|iPhone.Build.0 = Debug|Any CPU
		{732B7546-13D6-43B2-A2BA-E2E4DF31A9EE}.Debug|iPhone.Deploy.0 = Debug|Any CPU
		{732B7546-13D6-43B2-A2BA-E2E4DF31A9EE}.Debug|iPhoneSimulator.ActiveCfg = Debug|Any CPU
		{732B7546-13D6-43B2-A2BA-E2E4DF31A9EE}.Debug|iPhoneSimulator.Build.0 = Debug|Any CPU
		{732B7546-13D6-43B2-A2BA-E2E4DF31A9EE}.Debug|iPhoneSimulator.Deploy.0 = Debug|Any CPU
		{732B7546-13D6-43B2-A2BA-E2E4DF31A9EE}.Release|Any CPU.ActiveCfg = Release|Any CPU
		{732B7546-13D6-43B2-A2BA-E2E4DF31A9EE}.Release|Any CPU.Build.0 = Release|Any CPU
		{732B7546-13D6-43B2-A2BA-E2E4DF31A9EE}.Release|Any CPU.Deploy.0 = Release|Any CPU
		{732B7546-13D6-43B2-A2BA-E2E4DF31A9EE}.Release|iPhone.ActiveCfg = Release|Any CPU
		{732B7546-13D6-43B2-A2BA-E2E4DF31A9EE}.Release|iPhone.Build.0 = Release|Any CPU
		{732B7546-13D6-43B2-A2BA-E2E4DF31A9EE}.Release|iPhone.Deploy.0 = Release|Any CPU
		{732B7546-13D6-43B2-A2BA-E2E4DF31A9EE}.Release|iPhoneSimulator.ActiveCfg = Release|Any CPU
		{732B7546-13D6-43B2-A2BA-E2E4DF31A9EE}.Release|iPhoneSimulator.Build.0 = Release|Any CPU
		{732B7546-13D6-43B2-A2BA-E2E4DF31A9EE}.Release|iPhoneSimulator.Deploy.0 = Release|Any CPU
		{AB993C58-702E-417B-81EE-5253978B61C7}.Ad-Hoc|Any CPU.ActiveCfg = Ad-Hoc|iPhone
		{AB993C58-702E-417B-81EE-5253978B61C7}.Ad-Hoc|Any CPU.Build.0 = Ad-Hoc|iPhone
		{AB993C58-702E-417B-81EE-5253978B61C7}.Ad-Hoc|Any CPU.Deploy.0 = Ad-Hoc|iPhone
		{AB993C58-702E-417B-81EE-5253978B61C7}.Ad-Hoc|iPhone.ActiveCfg = Ad-Hoc|iPhone
		{AB993C58-702E-417B-81EE-5253978B61C7}.Ad-Hoc|iPhone.Build.0 = Ad-Hoc|iPhone
		{AB993C58-702E-417B-81EE-5253978B61C7}.Ad-Hoc|iPhone.Deploy.0 = Ad-Hoc|iPhone
		{AB993C58-702E-417B-81EE-5253978B61C7}.Ad-Hoc|iPhoneSimulator.ActiveCfg = Ad-Hoc|iPhoneSimulator
		{AB993C58-702E-417B-81EE-5253978B61C7}.Ad-Hoc|iPhoneSimulator.Build.0 = Ad-Hoc|iPhoneSimulator
		{AB993C58-702E-417B-81EE-5253978B61C7}.Ad-Hoc|iPhoneSimulator.Deploy.0 = Ad-Hoc|iPhoneSimulator
		{AB993C58-702E-417B-81EE-5253978B61C7}.AppStore|Any CPU.ActiveCfg = AppStore|iPhone
		{AB993C58-702E-417B-81EE-5253978B61C7}.AppStore|Any CPU.Build.0 = AppStore|iPhone
		{AB993C58-702E-417B-81EE-5253978B61C7}.AppStore|Any CPU.Deploy.0 = AppStore|iPhone
		{AB993C58-702E-417B-81EE-5253978B61C7}.AppStore|iPhone.ActiveCfg = AppStore|iPhone
		{AB993C58-702E-417B-81EE-5253978B61C7}.AppStore|iPhone.Build.0 = AppStore|iPhone
		{AB993C58-702E-417B-81EE-5253978B61C7}.AppStore|iPhone.Deploy.0 = AppStore|iPhone
		{AB993C58-702E-417B-81EE-5253978B61C7}.AppStore|iPhoneSimulator.ActiveCfg = AppStore|iPhoneSimulator
		{AB993C58-702E-417B-81EE-5253978B61C7}.AppStore|iPhoneSimulator.Build.0 = AppStore|iPhoneSimulator
		{AB993C58-702E-417B-81EE-5253978B61C7}.AppStore|iPhoneSimulator.Deploy.0 = AppStore|iPhoneSimulator
		{AB993C58-702E-417B-81EE-5253978B61C7}.Debug|Any CPU.ActiveCfg = Debug|iPhoneSimulator
		{AB993C58-702E-417B-81EE-5253978B61C7}.Debug|Any CPU.Build.0 = Debug|iPhoneSimulator
		{AB993C58-702E-417B-81EE-5253978B61C7}.Debug|Any CPU.Deploy.0 = Debug|iPhoneSimulator
		{AB993C58-702E-417B-81EE-5253978B61C7}.Debug|iPhone.ActiveCfg = Debug|iPhone
		{AB993C58-702E-417B-81EE-5253978B61C7}.Debug|iPhone.Build.0 = Debug|iPhone
		{AB993C58-702E-417B-81EE-5253978B61C7}.Debug|iPhone.Deploy.0 = Debug|iPhone
		{AB993C58-702E-417B-81EE-5253978B61C7}.Debug|iPhoneSimulator.ActiveCfg = Debug|iPhoneSimulator
		{AB993C58-702E-417B-81EE-5253978B61C7}.Debug|iPhoneSimulator.Build.0 = Debug|iPhoneSimulator
		{AB993C58-702E-417B-81EE-5253978B61C7}.Debug|iPhoneSimulator.Deploy.0 = Debug|iPhoneSimulator
		{AB993C58-702E-417B-81EE-5253978B61C7}.Release|Any CPU.ActiveCfg = Release|iPhone
		{AB993C58-702E-417B-81EE-5253978B61C7}.Release|Any CPU.Build.0 = Release|iPhone
		{AB993C58-702E-417B-81EE-5253978B61C7}.Release|Any CPU.Deploy.0 = Release|iPhone
		{AB993C58-702E-417B-81EE-5253978B61C7}.Release|iPhone.ActiveCfg = Release|iPhone
		{AB993C58-702E-417B-81EE-5253978B61C7}.Release|iPhone.Build.0 = Release|iPhone
		{AB993C58-702E-417B-81EE-5253978B61C7}.Release|iPhone.Deploy.0 = Release|iPhone
		{AB993C58-702E-417B-81EE-5253978B61C7}.Release|iPhoneSimulator.ActiveCfg = Release|iPhoneSimulator
		{AB993C58-702E-417B-81EE-5253978B61C7}.Release|iPhoneSimulator.Build.0 = Release|iPhoneSimulator
		{AB993C58-702E-417B-81EE-5253978B61C7}.Release|iPhoneSimulator.Deploy.0 = Release|iPhoneSimulator
		{583C0398-F6E4-4E69-851D-690D1EC0E547}.Ad-Hoc|Any CPU.ActiveCfg = Debug|Any CPU
		{583C0398-F6E4-4E69-851D-690D1EC0E547}.Ad-Hoc|Any CPU.Build.0 = Debug|Any CPU
		{583C0398-F6E4-4E69-851D-690D1EC0E547}.Ad-Hoc|Any CPU.Deploy.0 = Debug|Any CPU
		{583C0398-F6E4-4E69-851D-690D1EC0E547}.Ad-Hoc|iPhone.ActiveCfg = Debug|Any CPU
		{583C0398-F6E4-4E69-851D-690D1EC0E547}.Ad-Hoc|iPhone.Build.0 = Debug|Any CPU
		{583C0398-F6E4-4E69-851D-690D1EC0E547}.Ad-Hoc|iPhone.Deploy.0 = Debug|Any CPU
		{583C0398-F6E4-4E69-851D-690D1EC0E547}.Ad-Hoc|iPhoneSimulator.ActiveCfg = Debug|Any CPU
		{583C0398-F6E4-4E69-851D-690D1EC0E547}.Ad-Hoc|iPhoneSimulator.Build.0 = Debug|Any CPU
		{583C0398-F6E4-4E69-851D-690D1EC0E547}.Ad-Hoc|iPhoneSimulator.Deploy.0 = Debug|Any CPU
		{583C0398-F6E4-4E69-851D-690D1EC0E547}.AppStore|Any CPU.ActiveCfg = Debug|Any CPU
		{583C0398-F6E4-4E69-851D-690D1EC0E547}.AppStore|Any CPU.Build.0 = Debug|Any CPU
		{583C0398-F6E4-4E69-851D-690D1EC0E547}.AppStore|Any CPU.Deploy.0 = Debug|Any CPU
		{583C0398-F6E4-4E69-851D-690D1EC0E547}.AppStore|iPhone.ActiveCfg = Debug|Any CPU
		{583C0398-F6E4-4E69-851D-690D1EC0E547}.AppStore|iPhone.Build.0 = Debug|Any CPU
		{583C0398-F6E4-4E69-851D-690D1EC0E547}.AppStore|iPhone.Deploy.0 = Debug|Any CPU
		{583C0398-F6E4-4E69-851D-690D1EC0E547}.AppStore|iPhoneSimulator.ActiveCfg = Debug|Any CPU
		{583C0398-F6E4-4E69-851D-690D1EC0E547}.AppStore|iPhoneSimulator.Build.0 = Debug|Any CPU
		{583C0398-F6E4-4E69-851D-690D1EC0E547}.AppStore|iPhoneSimulator.Deploy.0 = Debug|Any CPU
		{583C0398-F6E4-4E69-851D-690D1EC0E547}.Debug|Any CPU.ActiveCfg = Debug|Any CPU
		{583C0398-F6E4-4E69-851D-690D1EC0E547}.Debug|Any CPU.Build.0 = Debug|Any CPU
		{583C0398-F6E4-4E69-851D-690D1EC0E547}.Debug|Any CPU.Deploy.0 = Debug|Any CPU
		{583C0398-F6E4-4E69-851D-690D1EC0E547}.Debug|iPhone.ActiveCfg = Debug|Any CPU
		{583C0398-F6E4-4E69-851D-690D1EC0E547}.Debug|iPhone.Build.0 = Debug|Any CPU
		{583C0398-F6E4-4E69-851D-690D1EC0E547}.Debug|iPhone.Deploy.0 = Debug|Any CPU
		{583C0398-F6E4-4E69-851D-690D1EC0E547}.Debug|iPhoneSimulator.ActiveCfg = Debug|Any CPU
		{583C0398-F6E4-4E69-851D-690D1EC0E547}.Debug|iPhoneSimulator.Build.0 = Debug|Any CPU
		{583C0398-F6E4-4E69-851D-690D1EC0E547}.Debug|iPhoneSimulator.Deploy.0 = Debug|Any CPU
		{583C0398-F6E4-4E69-851D-690D1EC0E547}.Release|Any CPU.ActiveCfg = Release|Any CPU
		{583C0398-F6E4-4E69-851D-690D1EC0E547}.Release|Any CPU.Build.0 = Release|Any CPU
		{583C0398-F6E4-4E69-851D-690D1EC0E547}.Release|Any CPU.Deploy.0 = Release|Any CPU
		{583C0398-F6E4-4E69-851D-690D1EC0E547}.Release|iPhone.ActiveCfg = Release|Any CPU
		{583C0398-F6E4-4E69-851D-690D1EC0E547}.Release|iPhone.Build.0 = Release|Any CPU
		{583C0398-F6E4-4E69-851D-690D1EC0E547}.Release|iPhone.Deploy.0 = Release|Any CPU
		{583C0398-F6E4-4E69-851D-690D1EC0E547}.Release|iPhoneSimulator.ActiveCfg = Release|Any CPU
		{583C0398-F6E4-4E69-851D-690D1EC0E547}.Release|iPhoneSimulator.Build.0 = Release|Any CPU
		{583C0398-F6E4-4E69-851D-690D1EC0E547}.Release|iPhoneSimulator.Deploy.0 = Release|Any CPU
	EndGlobalSection
	GlobalSection(SolutionProperties) = preSolution
		HideSolutionNode = FALSE
	EndGlobalSection
	GlobalSection(ExtensibilityGlobals) = postSolution
		SolutionGuid = {E04C227F-CF05-4C94-9F3E-49E7B356216D}
	EndGlobalSection
EndGlobal
